
Microsoft Visual Studio Solution File, Format Version 12.00
# Visual Studio Version 17
VisualStudioVersion = 17.1.32421.90
MinimumVisualStudioVersion = 10.0.40219.1
Project("{FAE04EC0-301F-11D3-BF4B-00C04F79EFBC}") = "Lucky_Draw_Promotion", "Lucky_Draw_Promotion\Lucky_Draw_Promotion.csproj", "{EAAD8EFB-756D-4EC8-861D-84A7AB42936C}"
EndProject
Global
	GlobalSection(SolutionConfigurationPlatforms) = preSolution
		Debug|Any CPU = Debug|Any CPU
		Release|Any CPU = Release|Any CPU
	EndGlobalSection
	GlobalSection(ProjectConfigurationPlatforms) = postSolution
		{EAAD8EFB-756D-4EC8-861D-84A7AB42936C}.Debug|Any CPU.ActiveCfg = Debug|Any CPU
		{EAAD8EFB-756D-4EC8-861D-84A7AB42936C}.Debug|Any CPU.Build.0 = Debug|Any CPU
		{EAAD8EFB-756D-4EC8-861D-84A7AB42936C}.Release|Any CPU.ActiveCfg = Release|Any CPU
		{EAAD8EFB-756D-4EC8-861D-84A7AB42936C}.Release|Any CPU.Build.0 = Release|Any CPU
	EndGlobalSection
	GlobalSection(SolutionProperties) = preSolution
		HideSolutionNode = FALSE
	EndGlobalSection
	GlobalSection(ExtensibilityGlobals) = postSolution
		SolutionGuid = {54E16CCF-CA2E-4216-A33B-C28EE646BB44}
	EndGlobalSection
EndGlobal
